// !$*UTF8*$!
{
	archiveVersion = 1;
	classes = {
	};
	objectVersion = 50;
	objects = {

/* Begin PBXBuildFile section */
		32FE6C5125C8CE3F0090076D /* AmyStickerPackv2StickerPackExtension.appex in Embed App Extensions */ = {isa = PBXBuildFile; fileRef = 32FE6C5025C8CE3F0090076D /* AmyStickerPackv2StickerPackExtension.appex */; settings = {ATTRIBUTES = (RemoveHeadersOnCopy, ); }; };
		32FE6C5525C8CE3F0090076D /* Stickers.xcstickers in Resources */ = {isa = PBXBuildFile; fileRef = 32FE6C5425C8CE3F0090076D /* Stickers.xcstickers */; };
		32FE6C5625C8CE3F0090076D /* Stickers.xcstickers in Resources */ = {isa = PBXBuildFile; fileRef = 32FE6C5425C8CE3F0090076D /* Stickers.xcstickers */; };
/* End PBXBuildFile section */

/* Begin PBXContainerItemProxy section */
		32FE6C5225C8CE3F0090076D /* PBXContainerItemProxy */ = {
			isa = PBXContainerItemProxy;
			containerPortal = 32FE6C4625C8CE3F0090076D /* Project object */;
			proxyType = 1;
			remoteGlobalIDString = 32FE6C4F25C8CE3F0090076D;
			remoteInfo = "Amy Sticker Pack v2 StickerPackExtension";
		};
/* End PBXContainerItemProxy section */

/* Begin PBXCopyFilesBuildPhase section */
		32FE6C5C25C8CE3F0090076D /* Embed App Extensions */ = {
			isa = PBXCopyFilesBuildPhase;
			buildActionMask = 2147483647;
			dstPath = "";
			dstSubfolderSpec = 13;
			files = (
				32FE6C5125C8CE3F0090076D /* AmyStickerPackv2StickerPackExtension.appex in Embed App Extensions */,
			);
			name = "Embed App Extensions";
			runOnlyForDeploymentPostprocessing = 0;
		};
/* End PBXCopyFilesBuildPhase section */

/* Begin PBXFileReference section */
		32FE6C4C25C8CE3F0090076D /* AmyStickerPackv2.app */ = {isa = PBXFileReference; explicitFileType = wrapper.application; includeInIndex = 0; path = AmyStickerPackv2.app; sourceTree = BUILT_PRODUCTS_DIR; };
		32FE6C5025C8CE3F0090076D /* AmyStickerPackv2StickerPackExtension.appex */ = {isa = PBXFileReference; explicitFileType = "wrapper.app-extension"; includeInIndex = 0; path = AmyStickerPackv2StickerPackExtension.appex; sourceTree = BUILT_PRODUCTS_DIR; };
		32FE6C5425C8CE3F0090076D /* Stickers.xcstickers */ = {isa = PBXFileReference; lastKnownFileType = folder.stickers; name = Stickers.xcstickers; path = "Amy Sticker Pack v2 StickerPackExtension/Stickers.xcstickers"; sourceTree = "<group>"; };
/* End PBXFileReference section */

/* Begin PBXGroup section */
		32FE6C4525C8CE3F0090076D = {
			isa = PBXGroup;
			children = (
				32FE6C5425C8CE3F0090076D /* Stickers.xcstickers */,
				32FE6C4D25C8CE3F0090076D /* Products */,
			);
			sourceTree = "<group>";
		};
		32FE6C4D25C8CE3F0090076D /* Products */ = {
			isa = PBXGroup;
			children = (
				32FE6C4C25C8CE3F0090076D /* AmyStickerPackv2.app */,
				32FE6C5025C8CE3F0090076D /* AmyStickerPackv2StickerPackExtension.appex */,
			);
			name = Products;
			sourceTree = "<group>";
		};
/* End PBXGroup section */

/* Begin PBXNativeTarget section */
		32FE6C4B25C8CE3F0090076D /* AmyStickerPackv2 */ = {
			isa = PBXNativeTarget;
			buildConfigurationList = 32FE6C5D25C8CE3F0090076D /* Build configuration list for PBXNativeTarget "AmyStickerPackv2" */;
			buildPhases = (
				32FE6C4A25C8CE3F0090076D /* Resources */,
				32FE6C5C25C8CE3F0090076D /* Embed App Extensions */,
			);
			buildRules = (
			);
			dependencies = (
				32FE6C5325C8CE3F0090076D /* PBXTargetDependency */,
			);
			name = AmyStickerPackv2;
			productName = "Amy Sticker Pack v2";
			productReference = 32FE6C4C25C8CE3F0090076D /* AmyStickerPackv2.app */;
			productType = "com.apple.product-type.application.messages";
		};
		32FE6C4F25C8CE3F0090076D /* AmyStickerPackv2StickerPackExtension */ = {
			isa = PBXNativeTarget;
			buildConfigurationList = 32FE6C5925C8CE3F0090076D /* Build configuration list for PBXNativeTarget "AmyStickerPackv2StickerPackExtension" */;
			buildPhases = (
				32FE6C4E25C8CE3F0090076D /* Resources */,
			);
			buildRules = (
			);
			dependencies = (
			);
			name = AmyStickerPackv2StickerPackExtension;
			productName = "Amy Sticker Pack v2 StickerPackExtension";
			productReference = 32FE6C5025C8CE3F0090076D /* AmyStickerPackv2StickerPackExtension.appex */;
			productType = "com.apple.product-type.app-extension.messages-sticker-pack";
		};
/* End PBXNativeTarget section */

/* Begin PBXProject section */
		32FE6C4625C8CE3F0090076D /* Project object */ = {
			isa = PBXProject;
			attributes = {
				LastUpgradeCheck = 1240;
				TargetAttributes = {
					32FE6C4B25C8CE3F0090076D = {
						CreatedOnToolsVersion = 12.4;
					};
					32FE6C4F25C8CE3F0090076D = {
						CreatedOnToolsVersion = 12.4;
					};
				};
			};
			buildConfigurationList = 32FE6C4925C8CE3F0090076D /* Build configuration list for PBXProject "AmyStickerPackv2" */;
			compatibilityVersion = "Xcode 9.3";
			developmentRegion = en;
			hasScannedForEncodings = 0;
			knownRegions = (
				en,
				Base,
			);
			mainGroup = 32FE6C4525C8CE3F0090076D;
			productRefGroup = 32FE6C4D25C8CE3F0090076D /* Products */;
			projectDirPath = "";
			projectRoot = "";
			targets = (
				32FE6C4B25C8CE3F0090076D /* AmyStickerPackv2 */,
				32FE6C4F25C8CE3F0090076D /* AmyStickerPackv2StickerPackExtension */,
			);
		};
/* End PBXProject section */

/* Begin PBXResourcesBuildPhase section */
		32FE6C4A25C8CE3F0090076D /* Resources */ = {
			isa = PBXResourcesBuildPhase;
			buildActionMask = 2147483647;
			files = (
				32FE6C5625C8CE3F0090076D /* Stickers.xcstickers in Resources */,
			);
			runOnlyForDeploymentPostprocessing = 0;
		};
		32FE6C4E25C8CE3F0090076D /* Resources */ = {
			isa = PBXResourcesBuildPhase;
			buildActionMask = 2147483647;
			files = (
				32FE6C5525C8CE3F0090076D /* Stickers.xcstickers in Resources */,
			);
			runOnlyForDeploymentPostprocessing = 0;
		};
/* End PBXResourcesBuildPhase section */

/* Begin PBXTargetDependency section */
		32FE6C5325C8CE3F0090076D /* PBXTargetDependency */ = {
			isa = PBXTargetDependency;
			target = 32FE6C4F25C8CE3F0090076D /* AmyStickerPackv2StickerPackExtension */;
			targetProxy = 32FE6C5225C8CE3F0090076D /* PBXContainerItemProxy */;
		};
/* End PBXTargetDependency section */

/* Begin XCBuildConfiguration section */
		32FE6C5725C8CE3F0090076D /* Debug */ = {
			isa = XCBuildConfiguration;
			buildSettings = {
				ALWAYS_SEARCH_USER_PATHS = NO;
				CLANG_ANALYZER_NONNULL = YES;
				CLANG_ANALYZER_NUMBER_OBJECT_CONVERSION = YES_AGGRESSIVE;
				CLANG_CXX_LANGUAGE_STANDARD = "gnu++14";
				CLANG_CXX_LIBRARY = "libc++";
				CLANG_ENABLE_MODULES = YES;
				CLANG_ENABLE_OBJC_ARC = YES;
				CLANG_ENABLE_OBJC_WEAK = YES;
				CLANG_WARN_BLOCK_CAPTURE_AUTORELEASING = YES;
				CLANG_WARN_BOOL_CONVERSION = YES;
				CLANG_WARN_COMMA = YES;
				CLANG_WARN_CONSTANT_CONVERSION = YES;
				CLANG_WARN_DEPRECATED_OBJC_IMPLEMENTATIONS = YES;
				CLANG_WARN_DIRECT_OBJC_ISA_USAGE = YES_ERROR;
				CLANG_WARN_DOCUMENTATION_COMMENTS = YES;
				CLANG_WARN_EMPTY_BODY = YES;
				CLANG_WARN_ENUM_CONVERSION = YES;
				CLANG_WARN_INFINITE_RECURSION = YES;
				CLANG_WARN_INT_CONVERSION = YES;
				CLANG_WARN_NON_LITERAL_NULL_CONVERSION = YES;
				CLANG_WARN_OBJC_IMPLICIT_RETAIN_SELF = YES;
				CLANG_WARN_OBJC_LITERAL_CONVERSION = YES;
				CLANG_WARN_OBJC_ROOT_CLASS = YES_ERROR;
				CLANG_WARN_QUOTED_INCLUDE_IN_FRAMEWORK_HEADER = YES;
				CLANG_WARN_RANGE_LOOP_ANALYSIS = YES;
				CLANG_WARN_STRICT_PROTOTYPES = YES;
				CLANG_WARN_SUSPICIOUS_MOVE = YES;
				CLANG_WARN_UNGUARDED_AVAILABILITY = YES_AGGRESSIVE;
				CLANG_WARN_UNREACHABLE_CODE = YES;
				CLANG_WARN__DUPLICATE_METHOD_MATCH = YES;
				COPY_PHASE_STRIP = NO;
				DEBUG_INFORMATION_FORMAT = dwarf;
				ENABLE_STRICT_OBJC_MSGSEND = YES;
				ENABLE_TESTABILITY = YES;
				GCC_C_LANGUAGE_STANDARD = gnu11;
				GCC_DYNAMIC_NO_PIC = NO;
				GCC_NO_COMMON_BLOCKS = YES;
				GCC_OPTIMIZATION_LEVEL = 0;
				GCC_PREPROCESSOR_DEFINITIONS = (
					"DEBUG=1",
					"$(inherited)",
				);
				GCC_WARN_64_TO_32_BIT_CONVERSION = YES;
				GCC_WARN_ABOUT_RETURN_TYPE = YES_ERROR;
				GCC_WARN_UNDECLARED_SELECTOR = YES;
				GCC_WARN_UNINITIALIZED_AUTOS = YES_AGGRESSIVE;
				GCC_WARN_UNUSED_FUNCTION = YES;
				GCC_WARN_UNUSED_VARIABLE = YES;
				IPHONEOS_DEPLOYMENT_TARGET = 10.0;
				MTL_ENABLE_DEBUG_INFO = INCLUDE_SOURCE;
				MTL_FAST_MATH = YES;
				ONLY_ACTIVE_ARCH = YES;
				SDKROOT = iphoneos;
			};
			name = Debug;
		};
		32FE6C5825C8CE3F0090076D /* Release */ = {
			isa = XCBuildConfiguration;
			buildSettings = {
				ALWAYS_SEARCH_USER_PATHS = NO;
				CLANG_ANALYZER_NONNULL = YES;
				CLANG_ANALYZER_NUMBER_OBJECT_CONVERSION = YES_AGGRESSIVE;
				CLANG_CXX_LANGUAGE_STANDARD = "gnu++14";
				CLANG_CXX_LIBRARY = "libc++";
				CLANG_ENABLE_MODULES = YES;
				CLANG_ENABLE_OBJC_ARC = YES;
				CLANG_ENABLE_OBJC_WEAK = YES;
				CLANG_WARN_BLOCK_CAPTURE_AUTORELEASING = YES;
				CLANG_WARN_BOOL_CONVERSION = YES;
				CLANG_WARN_COMMA = YES;
				CLANG_WARN_CONSTANT_CONVERSION = YES;
				CLANG_WARN_DEPRECATED_OBJC_IMPLEMENTATIONS = YES;
				CLANG_WARN_DIRECT_OBJC_ISA_USAGE = YES_ERROR;
				CLANG_WARN_DOCUMENTATION_COMMENTS = YES;
				CLANG_WARN_EMPTY_BODY = YES;
				CLANG_WARN_ENUM_CONVERSION = YES;
				CLANG_WARN_INFINITE_RECURSION = YES;
				CLANG_WARN_INT_CONVERSION = YES;
				CLANG_WARN_NON_LITERAL_NULL_CONVERSION = YES;
				CLANG_WARN_OBJC_IMPLICIT_RETAIN_SELF = YES;
				CLANG_WARN_OBJC_LITERAL_CONVERSION = YES;
				CLANG_WARN_OBJC_ROOT_CLASS = YES_ERROR;
				CLANG_WARN_QUOTED_INCLUDE_IN_FRAMEWORK_HEADER = YES;
				CLANG_WARN_RANGE_LOOP_ANALYSIS = YES;
				CLANG_WARN_STRICT_PROTOTYPES = YES;
				CLANG_WARN_SUSPICIOUS_MOVE = YES;
				CLANG_WARN_UNGUARDED_AVAILABILITY = YES_AGGRESSIVE;
				CLANG_WARN_UNREACHABLE_CODE = YES;
				CLANG_WARN__DUPLICATE_METHOD_MATCH = YES;
				COPY_PHASE_STRIP = NO;
				DEBUG_INFORMATION_FORMAT = "dwarf-with-dsym";
				ENABLE_NS_ASSERTIONS = NO;
				ENABLE_STRICT_OBJC_MSGSEND = YES;
				GCC_C_LANGUAGE_STANDARD = gnu11;
				GCC_NO_COMMON_BLOCKS = YES;
				GCC_WARN_64_TO_32_BIT_CONVERSION = YES;
				GCC_WARN_ABOUT_RETURN_TYPE = YES_ERROR;
				GCC_WARN_UNDECLARED_SELECTOR = YES;
				GCC_WARN_UNINITIALIZED_AUTOS = YES_AGGRESSIVE;
				GCC_WARN_UNUSED_FUNCTION = YES;
				GCC_WARN_UNUSED_VARIABLE = YES;
				IPHONEOS_DEPLOYMENT_TARGET = 10.0;
				MTL_ENABLE_DEBUG_INFO = NO;
				MTL_FAST_MATH = YES;
				SDKROOT = iphoneos;
				VALIDATE_PRODUCT = YES;
			};
			name = Release;
		};
		32FE6C5A25C8CE3F0090076D /* Debug */ = {
			isa = XCBuildConfiguration;
			buildSettings = {
				ASSETCATALOG_COMPILER_APPICON_NAME = "iMessage App Icon";
				CODE_SIGN_STYLE = Automatic;
				DEVELOPMENT_TEAM = 7J8FJX4SRX;
				INFOPLIST_FILE = "Amy Sticker Pack v2 StickerPackExtension/Info.plist";
				IPHONEOS_DEPLOYMENT_TARGET = 10.0;
				MARKETING_VERSION = 1.2;
				PRODUCT_BUNDLE_IDENTIFIER = com.amywhile.amystickerpackv2.StickerPackExtension;
				PRODUCT_NAME = "$(TARGET_NAME)";
				SKIP_INSTALL = YES;
				TARGETED_DEVICE_FAMILY = "1,2";
			};
			name = Debug;
		};
		32FE6C5B25C8CE3F0090076D /* Release */ = {
			isa = XCBuildConfiguration;
			buildSettings = {
				ASSETCATALOG_COMPILER_APPICON_NAME = "iMessage App Icon";
				CODE_SIGN_STYLE = Automatic;
				DEVELOPMENT_TEAM = 7J8FJX4SRX;
				INFOPLIST_FILE = "Amy Sticker Pack v2 StickerPackExtension/Info.plist";
				IPHONEOS_DEPLOYMENT_TARGET = 10.0;
				MARKETING_VERSION = 1.2;
				PRODUCT_BUNDLE_IDENTIFIER = com.amywhile.amystickerpackv2.StickerPackExtension;
				PRODUCT_NAME = "$(TARGET_NAME)";
				SKIP_INSTALL = YES;
				TARGETED_DEVICE_FAMILY = "1,2";
			};
			name = Release;
		};
		32FE6C5E25C8CE3F0090076D /* Debug */ = {
			isa = XCBuildConfiguration;
			buildSettings = {
				ASSETCATALOG_COMPILER_APPICON_NAME = "iMessage App Icon";
				CODE_SIGN_STYLE = Automatic;
				DEVELOPMENT_TEAM = 7J8FJX4SRX;
				INFOPLIST_FILE = "Amy Sticker Pack v2/Info.plist";
				IPHONEOS_DEPLOYMENT_TARGET = 10.0;
				MARKETING_VERSION = 1.2;
				PRODUCT_BUNDLE_IDENTIFIER = com.amywhile.amystickerpackv2;
				PRODUCT_NAME = "$(TARGET_NAME)";
				TARGETED_DEVICE_FAMILY = "1,2";
			};
			name = Debug;
		};
		32FE6C5F25C8CE3F0090076D /* Release */ = {
			isa = XCBuildConfiguration;
			buildSettings = {
				ASSETCATALOG_COMPILER_APPICON_NAME = "iMessage App Icon";
				CODE_SIGN_STYLE = Automatic;
				DEVELOPMENT_TEAM = 7J8FJX4SRX;
				INFOPLIST_FILE = "Amy Sticker Pack v2/Info.plist";
				IPHONEOS_DEPLOYMENT_TARGET = 10.0;
				MARKETING_VERSION = 1.2;
				PRODUCT_BUNDLE_IDENTIFIER = com.amywhile.amystickerpackv2;
				PRODUCT_NAME = "$(TARGET_NAME)";
				TARGETED_DEVICE_FAMILY = "1,2";
			};
			name = Release;
		};
/* End XCBuildConfiguration section */

/* Begin XCConfigurationList section */
		32FE6C4925C8CE3F0090076D /* Build configuration list for PBXProject "AmyStickerPackv2" */ = {
			isa = XCConfigurationList;
			buildConfigurations = (
				32FE6C5725C8CE3F0090076D /* Debug */,
				32FE6C5825C8CE3F0090076D /* Release */,
			);
			defaultConfigurationIsVisible = 0;
			defaultConfigurationName = Release;
		};
		32FE6C5925C8CE3F0090076D /* Build configuration list for PBXNativeTarget "AmyStickerPackv2StickerPackExtension" */ = {
			isa = XCConfigurationList;
			buildConfigurations = (
				32FE6C5A25C8CE3F0090076D /* Debug */,
				32FE6C5B25C8CE3F0090076D /* Release */,
			);
			defaultConfigurationIsVisible = 0;
			defaultConfigurationName = Release;
		};
		32FE6C5D25C8CE3F0090076D /* Build configuration list for PBXNativeTarget "AmyStickerPackv2" */ = {
			isa = XCConfigurationList;
			buildConfigurations = (
				32FE6C5E25C8CE3F0090076D /* Debug */,
				32FE6C5F25C8CE3F0090076D /* Release */,
			);
			defaultConfigurationIsVisible = 0;
			defaultConfigurationName = Release;
		};
/* End XCConfigurationList section */
	};
	rootObject = 32FE6C4625C8CE3F0090076D /* Project object */;
}
